{
  "name": "pi-extensions",
  "lockfileVersion": 3,
  "requires": true,
  "packages": {
    "": {
      "name": "pi-extensions",
      "dependencies": {
        "pi-agents-team": "file:../../packages/pi-agents-team"
      }
    },
    "../../../packages/pi-agents-team": {
      "extraneous": true
    },
    "../../packages/pi-agents-team": {
      "version": "2026.8.5",
      "license": "MIT",
      "dependencies": {
        "cross-spawn": "^7.0.6"
      },
      "engines": {
        "node": ">=22.19.0"
      },
      "peerDependencies": {
        "@earendil-works/pi-coding-agent": ">=0.80.6",
        "@earendil-works/pi-tui": ">=0.80.6",
        "typebox": "*"
      }
    },
    "node_modules/pi-agents-team": {
      "resolved": "../../packages/pi-agents-team",
      "link": true
    }
  }
}
